
Microsoft Visual Studio Solution File, Format Version 12.00
# Visual Studio 2012
Project("{FAE04EC0-301F-11D3-BF4B-00C04F79EFBC}") = "Calculations", "Calculations\Calculations.csproj", "{BC85B7F8-37EC-437A-A370-7FEA574839F4}"
EndProject
Project("{FAE04EC0-301F-11D3-BF4B-00C04F79EFBC}") = "UnitTestCalculations", "UnitTestCalculations\UnitTestCalculations.csproj", "{7DC9C0B4-F21D-4100-9DA7-4919026BDA68}"
EndProject
Global
	GlobalSection(SolutionConfigurationPlatforms) = preSolution
		Debug|Any CPU = Debug|Any CPU
		Release|Any CPU = Release|Any CPU
	EndGlobalSection
	GlobalSection(ProjectConfigurationPlatforms) = postSolution
		{BC85B7F8-37EC-437A-A370-7FEA574839F4}.Debug|Any CPU.ActiveCfg = Debug|Any CPU
		{BC85B7F8-37EC-437A-A370-7FEA574839F4}.Debug|Any CPU.Build.0 = Debug|Any CPU
		{BC85B7F8-37EC-437A-A370-7FEA574839F4}.Release|Any CPU.ActiveCfg = Release|Any CPU
		{BC85B7F8-37EC-437A-A370-7FEA574839F4}.Release|Any CPU.Build.0 = Release|Any CPU
		{7DC9C0B4-F21D-4100-9DA7-4919026BDA68}.Debug|Any CPU.ActiveCfg = Debug|Any CPU
		{7DC9C0B4-F21D-4100-9DA7-4919026BDA68}.Debug|Any CPU.Build.0 = Debug|Any CPU
		{7DC9C0B4-F21D-4100-9DA7-4919026BDA68}.Release|Any CPU.ActiveCfg = Release|Any CPU
		{7DC9C0B4-F21D-4100-9DA7-4919026BDA68}.Release|Any CPU.Build.0 = Release|Any CPU
	EndGlobalSection
	GlobalSection(SolutionProperties) = preSolution
		HideSolutionNode = FALSE
	EndGlobalSection
EndGlobal
